
Microsoft Visual Studio Solution File, Format Version 12.00
# Visual Studio Version 16
VisualStudioVersion = 16.0.31613.86
MinimumVisualStudioVersion = 10.0.40219.1
Project("{9A19103F-16F7-4668-BE54-9A1E7A4F7556}") = "EventBus", "EventBus\EventBus.csproj", "{AC82247C-66F4-4C3E-A26C-7403666A0269}"
EndProject
Project("{9A19103F-16F7-4668-BE54-9A1E7A4F7556}") = "EventBusRabbitMQ", "EventBusRabbitMQ\EventBusRabbitMQ.csproj", "{D2A39D9A-6E61-49EC-BE50-93AE63709311}"
EndProject
Project("{9A19103F-16F7-4668-BE54-9A1E7A4F7556}") = "IntegrationEventLogEF", "IntegrationEventLogEF\IntegrationEventLogEF.csproj", "{A22A965F-B7AA-47E1-AFA4-2E5435AA51A7}"
EndProject
Project("{9A19103F-16F7-4668-BE54-9A1E7A4F7556}") = "EventBusWebTest", "EventBusWebTest\EventBusWebTest.csproj", "{143A2D1E-101F-4305-80C7-347748461DB1}"
EndProject
Project("{2150E333-8FDC-42A3-9474-1A3956D46DE8}") = "Src", "Src", "{66F96AAE-5C3D-4584-B2F6-89CC6EC59BA5}"
EndProject
Project("{2150E333-8FDC-42A3-9474-1A3956D46DE8}") = "Test", "Test", "{E4A0836F-E71B-47B9-BE8A-4202B61790D8}"
EndProject
Global
	GlobalSection(SolutionConfigurationPlatforms) = preSolution
		Debug|Any CPU = Debug|Any CPU
		Release|Any CPU = Release|Any CPU
	EndGlobalSection
	GlobalSection(ProjectConfigurationPlatforms) = postSolution
		{AC82247C-66F4-4C3E-A26C-7403666A0269}.Debug|Any CPU.ActiveCfg = Debug|Any CPU
		{AC82247C-66F4-4C3E-A26C-7403666A0269}.Debug|Any CPU.Build.0 = Debug|Any CPU
		{AC82247C-66F4-4C3E-A26C-7403666A0269}.Release|Any CPU.ActiveCfg = Release|Any CPU
		{AC82247C-66F4-4C3E-A26C-7403666A0269}.Release|Any CPU.Build.0 = Release|Any CPU
		{D2A39D9A-6E61-49EC-BE50-93AE63709311}.Debug|Any CPU.ActiveCfg = Debug|Any CPU
		{D2A39D9A-6E61-49EC-BE50-93AE63709311}.Debug|Any CPU.Build.0 = Debug|Any CPU
		{D2A39D9A-6E61-49EC-BE50-93AE63709311}.Release|Any CPU.ActiveCfg = Release|Any CPU
		{D2A39D9A-6E61-49EC-BE50-93AE63709311}.Release|Any CPU.Build.0 = Release|Any CPU
		{A22A965F-B7AA-47E1-AFA4-2E5435AA51A7}.Debug|Any CPU.ActiveCfg = Debug|Any CPU
		{A22A965F-B7AA-47E1-AFA4-2E5435AA51A7}.Debug|Any CPU.Build.0 = Debug|Any CPU
		{A22A965F-B7AA-47E1-AFA4-2E5435AA51A7}.Release|Any CPU.ActiveCfg = Release|Any CPU
		{A22A965F-B7AA-47E1-AFA4-2E5435AA51A7}.Release|Any CPU.Build.0 = Release|Any CPU
		{143A2D1E-101F-4305-80C7-347748461DB1}.Debug|Any CPU.ActiveCfg = Debug|Any CPU
		{143A2D1E-101F-4305-80C7-347748461DB1}.Debug|Any CPU.Build.0 = Debug|Any CPU
		{143A2D1E-101F-4305-80C7-347748461DB1}.Release|Any CPU.ActiveCfg = Release|Any CPU
		{143A2D1E-101F-4305-80C7-347748461DB1}.Release|Any CPU.Build.0 = Release|Any CPU
	EndGlobalSection
	GlobalSection(SolutionProperties) = preSolution
		HideSolutionNode = FALSE
	EndGlobalSection
	GlobalSection(NestedProjects) = preSolution
		{AC82247C-66F4-4C3E-A26C-7403666A0269} = {66F96AAE-5C3D-4584-B2F6-89CC6EC59BA5}
		{D2A39D9A-6E61-49EC-BE50-93AE63709311} = {66F96AAE-5C3D-4584-B2F6-89CC6EC59BA5}
		{A22A965F-B7AA-47E1-AFA4-2E5435AA51A7} = {66F96AAE-5C3D-4584-B2F6-89CC6EC59BA5}
		{143A2D1E-101F-4305-80C7-347748461DB1} = {E4A0836F-E71B-47B9-BE8A-4202B61790D8}
	EndGlobalSection
	GlobalSection(ExtensibilityGlobals) = postSolution
		SolutionGuid = {61BCEC52-681E-4640-8484-5010881D82FD}
	EndGlobalSection
EndGlobal
